
Microsoft Visual Studio Solution File, Format Version 12.00
# Visual Studio 15
Project("{FAE04EC0-301F-11D3-BF4B-00C04F79EFBC}") = "Shop.Core", "Shop.Core\Shop.Core.csproj", "{12E0E815-FA02-4968-AAD5-381543845E20}"
EndProject
Project("{FAE04EC0-301F-11D3-BF4B-00C04F79EFBC}") = "Shop.Web.Tests", "Shop.Web.Tests\Shop.Web.Tests.csproj", "{687DC241-5AA4-416C-BC51-0F30D20C9CCE}"
EndProject
Project("{FAE04EC0-301F-11D3-BF4B-00C04F79EFBC}") = "Shop.Web", "Shop.Web\Shop.Web.csproj", "{F86573A5-0D4A-4F9F-ACD7-6089CC844CE8}"
EndProject
Global
	GlobalSection(SolutionConfigurationPlatforms) = preSolution
		Debug|Any CPU = Debug|Any CPU
		Release|Any CPU = Release|Any CPU
	EndGlobalSection
	GlobalSection(ProjectConfigurationPlatforms) = postSolution
		{12E0E815-FA02-4968-AAD5-381543845E20}.Debug|Any CPU.ActiveCfg = Debug|Any CPU
		{12E0E815-FA02-4968-AAD5-381543845E20}.Debug|Any CPU.Build.0 = Debug|Any CPU
		{12E0E815-FA02-4968-AAD5-381543845E20}.Release|Any CPU.ActiveCfg = Release|Any CPU
		{12E0E815-FA02-4968-AAD5-381543845E20}.Release|Any CPU.Build.0 = Release|Any CPU
		{687DC241-5AA4-416C-BC51-0F30D20C9CCE}.Debug|Any CPU.ActiveCfg = Debug|Any CPU
		{687DC241-5AA4-416C-BC51-0F30D20C9CCE}.Debug|Any CPU.Build.0 = Debug|Any CPU
		{687DC241-5AA4-416C-BC51-0F30D20C9CCE}.Release|Any CPU.ActiveCfg = Release|Any CPU
		{687DC241-5AA4-416C-BC51-0F30D20C9CCE}.Release|Any CPU.Build.0 = Release|Any CPU
		{F86573A5-0D4A-4F9F-ACD7-6089CC844CE8}.Debug|Any CPU.ActiveCfg = Debug|Any CPU
		{F86573A5-0D4A-4F9F-ACD7-6089CC844CE8}.Debug|Any CPU.Build.0 = Debug|Any CPU
		{F86573A5-0D4A-4F9F-ACD7-6089CC844CE8}.Release|Any CPU.ActiveCfg = Release|Any CPU
		{F86573A5-0D4A-4F9F-ACD7-6089CC844CE8}.Release|Any CPU.Build.0 = Release|Any CPU
	EndGlobalSection
EndGlobal
